
Microsoft Visual Studio Solution File, Format Version 12.00
# Visual Studio Version 16
VisualStudioVersion = 16.0.29424.173
MinimumVisualStudioVersion = 10.0.40219.1
Project("{FAE04EC0-301F-11D3-BF4B-00C04F79EFBC}") = "Arduino PC Multimeter", "Arduino PC Multimeter.csproj", "{98AF792C-15FF-4C27-A9F1-54491A6796EC}"
EndProject
Global
	GlobalSection(SolutionConfigurationPlatforms) = preSolution
		Debug|Any CPU = Debug|Any CPU
		Release|Any CPU = Release|Any CPU
	EndGlobalSection
	GlobalSection(ProjectConfigurationPlatforms) = postSolution
		{98AF792C-15FF-4C27-A9F1-54491A6796EC}.Debug|Any CPU.ActiveCfg = Debug|Any CPU
		{98AF792C-15FF-4C27-A9F1-54491A6796EC}.Debug|Any CPU.Build.0 = Debug|Any CPU
		{98AF792C-15FF-4C27-A9F1-54491A6796EC}.Release|Any CPU.ActiveCfg = Release|Any CPU
		{98AF792C-15FF-4C27-A9F1-54491A6796EC}.Release|Any CPU.Build.0 = Release|Any CPU
	EndGlobalSection
	GlobalSection(SolutionProperties) = preSolution
		HideSolutionNode = FALSE
	EndGlobalSection
	GlobalSection(ExtensibilityGlobals) = postSolution
		SolutionGuid = {0D9BED18-EF8B-487A-B5BC-7CE5B2BE44FE}
	EndGlobalSection
EndGlobal
